
Microsoft Visual Studio Solution File, Format Version 12.00
# Visual Studio Version 16
VisualStudioVersion = 16.0.33027.164
MinimumVisualStudioVersion = 10.0.40219.1
Project("{FAE04EC0-301F-11D3-BF4B-00C04F79EFBC}") = "AzureBlobUpload", "AzureBlobUpload.csproj", "{1EB51B14-1A7D-4968-9164-D0174BC40ED6}"
EndProject
Global
	GlobalSection(SolutionConfigurationPlatforms) = preSolution
		Debug|Any CPU = Debug|Any CPU
		Release|Any CPU = Release|Any CPU
	EndGlobalSection
	GlobalSection(ProjectConfigurationPlatforms) = postSolution
		{1EB51B14-1A7D-4968-9164-D0174BC40ED6}.Debug|Any CPU.ActiveCfg = Debug|Any CPU
		{1EB51B14-1A7D-4968-9164-D0174BC40ED6}.Debug|Any CPU.Build.0 = Debug|Any CPU
		{1EB51B14-1A7D-4968-9164-D0174BC40ED6}.Release|Any CPU.ActiveCfg = Release|Any CPU
		{1EB51B14-1A7D-4968-9164-D0174BC40ED6}.Release|Any CPU.Build.0 = Release|Any CPU
	EndGlobalSection
	GlobalSection(SolutionProperties) = preSolution
		HideSolutionNode = FALSE
	EndGlobalSection
	GlobalSection(ExtensibilityGlobals) = postSolution
		SolutionGuid = {33CB54E1-2506-44F8-B860-C85E48C39FF5}
	EndGlobalSection
EndGlobal
